
Microsoft Visual Studio Solution File, Format Version 12.00
# Visual Studio Version 17
VisualStudioVersion = 17.0.32014.148
MinimumVisualStudioVersion = 10.0.40219.1
Project("{FAE04EC0-301F-11D3-BF4B-00C04F79EFBC}") = "WebArtistasSQL", "WebArtistasSQL.csproj", "{9DEDFFE5-19F0-4D29-A657-5E166785636A}"
EndProject
Global
	GlobalSection(SolutionConfigurationPlatforms) = preSolution
		Debug|Any CPU = Debug|Any CPU
		Release|Any CPU = Release|Any CPU
	EndGlobalSection
	GlobalSection(ProjectConfigurationPlatforms) = postSolution
		{9DEDFFE5-19F0-4D29-A657-5E166785636A}.Debug|Any CPU.ActiveCfg = Debug|Any CPU
		{9DEDFFE5-19F0-4D29-A657-5E166785636A}.Debug|Any CPU.Build.0 = Debug|Any CPU
		{9DEDFFE5-19F0-4D29-A657-5E166785636A}.Release|Any CPU.ActiveCfg = Release|Any CPU
		{9DEDFFE5-19F0-4D29-A657-5E166785636A}.Release|Any CPU.Build.0 = Release|Any CPU
	EndGlobalSection
	GlobalSection(SolutionProperties) = preSolution
		HideSolutionNode = FALSE
	EndGlobalSection
	GlobalSection(ExtensibilityGlobals) = postSolution
		SolutionGuid = {317218BB-C4B1-4230-A592-3182BE52DA09}
	EndGlobalSection
EndGlobal
